
Microsoft Visual Studio Solution File, Format Version 12.00
# Visual Studio 15
VisualStudioVersion = 15.0.26730.16
MinimumVisualStudioVersion = 10.0.40219.1
Project("{FAE04EC0-301F-11D3-BF4B-00C04F79EFBC}") = "SurgeryDepartment", "SurgeryDepartment\SurgeryDepartment.csproj", "{B486CE1D-B105-4643-A774-067590F426FC}"
EndProject
Global
	GlobalSection(SolutionConfigurationPlatforms) = preSolution
		Debug|Any CPU = Debug|Any CPU
		Release|Any CPU = Release|Any CPU
	EndGlobalSection
	GlobalSection(ProjectConfigurationPlatforms) = postSolution
		{B486CE1D-B105-4643-A774-067590F426FC}.Debug|Any CPU.ActiveCfg = Debug|Any CPU
		{B486CE1D-B105-4643-A774-067590F426FC}.Debug|Any CPU.Build.0 = Debug|Any CPU
		{B486CE1D-B105-4643-A774-067590F426FC}.Release|Any CPU.ActiveCfg = Release|Any CPU
		{B486CE1D-B105-4643-A774-067590F426FC}.Release|Any CPU.Build.0 = Release|Any CPU
	EndGlobalSection
	GlobalSection(SolutionProperties) = preSolution
		HideSolutionNode = FALSE
	EndGlobalSection
	GlobalSection(ExtensibilityGlobals) = postSolution
		SolutionGuid = {02D53A16-72C2-4C1B-8F84-2A270500B2F6}
	EndGlobalSection
EndGlobal
